# This file is generated by running "yarn install" inside your project.
# Manual changes might be lost - proceed with caution!

__metadata:
  version: 8
  cacheKey: 10c0

"@emnapi/core@npm:^1.7.1":
  version: 1.7.1
  resolution: "@emnapi/core@npm:1.7.1"
  dependencies:
    "@emnapi/wasi-threads": "npm:1.1.0"
    tslib: "npm:^2.4.0"
  checksum: 10c0/f3740be23440b439333e3ae3832163f60c96c4e35337f3220ceba88f36ee89a57a871d27c94eb7a9ff98a09911ed9a2089e477ab549f4d30029f8b907f84a351
  languageName: node
  linkType: hard

"@emnapi/runtime@npm:^1.7.1":
  version: 1.7.1
  resolution: "@emnapi/runtime@npm:1.7.1"
  dependencies:
    tslib: "npm:^2.4.0"
  checksum: 10c0/26b851cd3e93877d8732a985a2ebf5152325bbacc6204ef5336a47359dedcc23faeb08cdfcb8bb389b5401b3e894b882bc1a1e55b4b7c1ed1e67c991a760ddd5
  languageName: node
  linkType: hard

"@emnapi/wasi-threads@npm:1.1.0":
  version: 1.1.0
  resolution: "@emnapi/wasi-threads@npm:1.1.0"
  dependencies:
    tslib: "npm:^2.4.0"
  checksum: 10c0/e6d54bf2b1e64cdd83d2916411e44e579b6ae35d5def0dea61a3c452d9921373044dff32a8b8473ae60c80692bdc39323e98b96a3f3d87ba6886b24dd0ef7ca1
  languageName: node
  linkType: hard

"@napi-rs/wasm-runtime@npm:^1.1.0":
  version: 1.1.0
  resolution: "@napi-rs/wasm-runtime@npm:1.1.0"
  dependencies:
    "@emnapi/core": "npm:^1.7.1"
    "@emnapi/runtime": "npm:^1.7.1"
    "@tybys/wasm-util": "npm:^0.10.1"
  checksum: 10c0/ee351052123bfc635c4cef03ac273a686522394ccd513b1e5b7b3823cecd6abb4a31f23a3a962933192b87eb7b7c3eb3def7748bd410edc66f932d90cf44e9ab
  languageName: node
  linkType: hard

"@oxc-resolver/binding-android-arm-eabi@npm:11.16.0":
  version: 11.16.0
  resolution: "@oxc-resolver/binding-android-arm-eabi@npm:11.16.0"
  conditions: os=android & cpu=arm
  languageName: node
  linkType: hard

"@oxc-resolver/binding-android-arm64@npm:11.16.0":
  version: 11.16.0
  resolution: "@oxc-resolver/binding-android-arm64@npm:11.16.0"
  conditions: os=android & cpu=arm64
  languageName: node
  linkType: hard

"@oxc-resolver/binding-darwin-arm64@npm:11.16.0":
  version: 11.16.0
  resolution: "@oxc-resolver/binding-darwin-arm64@npm:11.16.0"
  conditions: os=darwin & cpu=arm64
  languageName: node
  linkType: hard

"@oxc-resolver/binding-darwin-x64@npm:11.16.0":
  version: 11.16.0
  resolution: "@oxc-resolver/binding-darwin-x64@npm:11.16.0"
  conditions: os=darwin & cpu=x64
  languageName: node
  linkType: hard

"@oxc-resolver/binding-freebsd-x64@npm:11.16.0":
  version: 11.16.0
  resolution: "@oxc-resolver/binding-freebsd-x64@npm:11.16.0"
  conditions: os=freebsd & cpu=x64
  languageName: node
  linkType: hard

"@oxc-resolver/binding-linux-arm-gnueabihf@npm:11.16.0":
  version: 11.16.0
  resolution: "@oxc-resolver/binding-linux-arm-gnueabihf@npm:11.16.0"
  conditions: os=linux & cpu=arm
  languageName: node
  linkType: hard

"@oxc-resolver/binding-linux-arm-musleabihf@npm:11.16.0":
  version: 11.16.0
  resolution: "@oxc-resolver/binding-linux-arm-musleabihf@npm:11.16.0"
  conditions: os=linux & cpu=arm
  languageName: node
  linkType: hard

"@oxc-resolver/binding-linux-arm64-gnu@npm:11.16.0":
  version: 11.16.0
  resolution: "@oxc-resolver/binding-linux-arm64-gnu@npm:11.16.0"
  conditions: os=linux & cpu=arm64 & libc=glibc
  languageName: node
  linkType: hard

"@oxc-resolver/binding-linux-arm64-musl@npm:11.16.0":
  version: 11.16.0
  resolution: "@oxc-resolver/binding-linux-arm64-musl@npm:11.16.0"
  conditions: os=linux & cpu=arm64 & libc=musl
  languageName: node
  linkType: hard

"@oxc-resolver/binding-linux-ppc64-gnu@npm:11.16.0":
  version: 11.16.0
  resolution: "@oxc-resolver/binding-linux-ppc64-gnu@npm:11.16.0"
  conditions: os=linux & cpu=ppc64 & libc=glibc
  languageName: node
  linkType: hard

"@oxc-resolver/binding-linux-riscv64-gnu@npm:11.16.0":
  version: 11.16.0
  resolution: "@oxc-resolver/binding-linux-riscv64-gnu@npm:11.16.0"
  conditions: os=linux & cpu=riscv64 & libc=glibc
  languageName: node
  linkType: hard

"@oxc-resolver/binding-linux-riscv64-musl@npm:11.16.0":
  version: 11.16.0
  resolution: "@oxc-resolver/binding-linux-riscv64-musl@npm:11.16.0"
  conditions: os=linux & cpu=riscv64 & libc=musl
  languageName: node
  linkType: hard

"@oxc-resolver/binding-linux-s390x-gnu@npm:11.16.0":
  version: 11.16.0
  resolution: "@oxc-resolver/binding-linux-s390x-gnu@npm:11.16.0"
  conditions: os=linux & cpu=s390x & libc=glibc
  languageName: node
  linkType: hard

"@oxc-resolver/binding-linux-x64-gnu@npm:11.16.0":
  version: 11.16.0
  resolution: "@oxc-resolver/binding-linux-x64-gnu@npm:11.16.0"
  conditions: os=linux & cpu=x64 & libc=glibc
  languageName: node
  linkType: hard

"@oxc-resolver/binding-linux-x64-musl@npm:11.16.0":
  version: 11.16.0
  resolution: "@oxc-resolver/binding-linux-x64-musl@npm:11.16.0"
  conditions: os=linux & cpu=x64 & libc=musl
  languageName: node
  linkType: hard

"@oxc-resolver/binding-openharmony-arm64@npm:11.16.0":
  version: 11.16.0
  resolution: "@oxc-resolver/binding-openharmony-arm64@npm:11.16.0"
  conditions: os=openharmony & cpu=arm64
  languageName: node
  linkType: hard

"@oxc-resolver/binding-wasm32-wasi@npm:11.16.0":
  version: 11.16.0
  resolution: "@oxc-resolver/binding-wasm32-wasi@npm:11.16.0"
  dependencies:
    "@napi-rs/wasm-runtime": "npm:^1.1.0"
  conditions: cpu=wasm32
  languageName: node
  linkType: hard

"@oxc-resolver/binding-win32-arm64-msvc@npm:11.16.0":
  version: 11.16.0
  resolution: "@oxc-resolver/binding-win32-arm64-msvc@npm:11.16.0"
  conditions: os=win32 & cpu=arm64
  languageName: node
  linkType: hard

"@oxc-resolver/binding-win32-ia32-msvc@npm:11.16.0":
  version: 11.16.0
  resolution: "@oxc-resolver/binding-win32-ia32-msvc@npm:11.16.0"
  conditions: os=win32 & cpu=ia32
  languageName: node
  linkType: hard

"@oxc-resolver/binding-win32-x64-msvc@npm:11.16.0":
  version: 11.16.0
  resolution: "@oxc-resolver/binding-win32-x64-msvc@npm:11.16.0"
  conditions: os=win32 & cpu=x64
  languageName: node
  linkType: hard

"@tybys/wasm-util@npm:^0.10.1":
  version: 0.10.1
  resolution: "@tybys/wasm-util@npm:0.10.1"
  dependencies:
    tslib: "npm:^2.4.0"
  checksum: 10c0/b255094f293794c6d2289300c5fbcafbb5532a3aed3a5ffd2f8dc1828e639b88d75f6a376dd8f94347a44813fd7a7149d8463477a9a49525c8b2dcaa38c2d1e8
  languageName: node
  linkType: hard

"oxc-resolver-yarn-pnp-bug@workspace:.":
  version: 0.0.0-use.local
  resolution: "oxc-resolver-yarn-pnp-bug@workspace:."
  dependencies:
    oxc-resolver: "npm:^11.16.0"
    zustand: "npm:^5.0.9"
  languageName: unknown
  linkType: soft

"oxc-resolver@npm:^11.16.0":
  version: 11.16.0
  resolution: "oxc-resolver@npm:11.16.0"
  dependencies:
    "@oxc-resolver/binding-android-arm-eabi": "npm:11.16.0"
    "@oxc-resolver/binding-android-arm64": "npm:11.16.0"
    "@oxc-resolver/binding-darwin-arm64": "npm:11.16.0"
    "@oxc-resolver/binding-darwin-x64": "npm:11.16.0"
    "@oxc-resolver/binding-freebsd-x64": "npm:11.16.0"
    "@oxc-resolver/binding-linux-arm-gnueabihf": "npm:11.16.0"
    "@oxc-resolver/binding-linux-arm-musleabihf": "npm:11.16.0"
    "@oxc-resolver/binding-linux-arm64-gnu": "npm:11.16.0"
    "@oxc-resolver/binding-linux-arm64-musl": "npm:11.16.0"
    "@oxc-resolver/binding-linux-ppc64-gnu": "npm:11.16.0"
    "@oxc-resolver/binding-linux-riscv64-gnu": "npm:11.16.0"
    "@oxc-resolver/binding-linux-riscv64-musl": "npm:11.16.0"
    "@oxc-resolver/binding-linux-s390x-gnu": "npm:11.16.0"
    "@oxc-resolver/binding-linux-x64-gnu": "npm:11.16.0"
    "@oxc-resolver/binding-linux-x64-musl": "npm:11.16.0"
    "@oxc-resolver/binding-openharmony-arm64": "npm:11.16.0"
    "@oxc-resolver/binding-wasm32-wasi": "npm:11.16.0"
    "@oxc-resolver/binding-win32-arm64-msvc": "npm:11.16.0"
    "@oxc-resolver/binding-win32-ia32-msvc": "npm:11.16.0"
    "@oxc-resolver/binding-win32-x64-msvc": "npm:11.16.0"
  dependenciesMeta:
    "@oxc-resolver/binding-android-arm-eabi":
      optional: true
    "@oxc-resolver/binding-android-arm64":
      optional: true
    "@oxc-resolver/binding-darwin-arm64":
      optional: true
    "@oxc-resolver/binding-darwin-x64":
      optional: true
    "@oxc-resolver/binding-freebsd-x64":
      optional: true
    "@oxc-resolver/binding-linux-arm-gnueabihf":
      optional: true
    "@oxc-resolver/binding-linux-arm-musleabihf":
      optional: true
    "@oxc-resolver/binding-linux-arm64-gnu":
      optional: true
    "@oxc-resolver/binding-linux-arm64-musl":
      optional: true
    "@oxc-resolver/binding-linux-ppc64-gnu":
      optional: true
    "@oxc-resolver/binding-linux-riscv64-gnu":
      optional: true
    "@oxc-resolver/binding-linux-riscv64-musl":
      optional: true
    "@oxc-resolver/binding-linux-s390x-gnu":
      optional: true
    "@oxc-resolver/binding-linux-x64-gnu":
      optional: true
    "@oxc-resolver/binding-linux-x64-musl":
      optional: true
    "@oxc-resolver/binding-openharmony-arm64":
      optional: true
    "@oxc-resolver/binding-wasm32-wasi":
      optional: true
    "@oxc-resolver/binding-win32-arm64-msvc":
      optional: true
    "@oxc-resolver/binding-win32-ia32-msvc":
      optional: true
    "@oxc-resolver/binding-win32-x64-msvc":
      optional: true
  checksum: 10c0/42709e968ca8ec06df1d81b398a50b9c189151c1dbe8002cacd47f379e02645d610a541bc79f79e971ea9d993540296a2464391a5fede568c541dfafffed0c85
  languageName: node
  linkType: hard

"tslib@npm:^2.4.0":
  version: 2.8.1
  resolution: "tslib@npm:2.8.1"
  checksum: 10c0/9c4759110a19c53f992d9aae23aac5ced636e99887b51b9e61def52611732872ff7668757d4e4c61f19691e36f4da981cd9485e869b4a7408d689f6bf1f14e62
  languageName: node
  linkType: hard

"zustand@npm:^5.0.9":
  version: 5.0.9
  resolution: "zustand@npm:5.0.9"
  peerDependencies:
    "@types/react": ">=18.0.0"
    immer: ">=9.0.6"
    react: ">=18.0.0"
    use-sync-external-store: ">=1.2.0"
  peerDependenciesMeta:
    "@types/react":
      optional: true
    immer:
      optional: true
    react:
      optional: true
    use-sync-external-store:
      optional: true
  checksum: 10c0/552849e4546c7760704d6509a5c412d57c62a1fa9e53169c939ba5e3d75f8cb3df50a64c3a22e6c3f1c8cc00de7543e4edd61ab5ae0c9169ba9a98e28303aba6
  languageName: node
  linkType: hard
